
Microsoft Visual Studio Solution File, Format Version 12.00
# Visual Studio Version 17
VisualStudioVersion = 17.9.34414.90
MinimumVisualStudioVersion = 10.0.40219.1
Project("{FAE04EC0-301F-11D3-BF4B-00C04F79EFBC}") = "ShadowDownloader", "ShadowDownloader\ShadowDownloader.csproj", "{A9DA80B9-0A0A-49B9-855F-D95E25D780D6}"
EndProject
Project("{FAE04EC0-301F-11D3-BF4B-00C04F79EFBC}") = "TestDownloader", "TestDownloader\TestDownloader.csproj", "{748D3C2B-7988-4B1A-BB4D-1B3B855184AB}"
EndProject
Project("{FAE04EC0-301F-11D3-BF4B-00C04F79EFBC}") = "ShadowDownloader.UI", "ShadowDownloader.UI\ShadowDownloader.UI.csproj", "{6F44C9EB-5370-4554-AE73-23982D79A1C9}"
EndProject
Global
	GlobalSection(SolutionConfigurationPlatforms) = preSolution
		Debug|Any CPU = Debug|Any CPU
		Release|Any CPU = Release|Any CPU
	EndGlobalSection
	GlobalSection(ProjectConfigurationPlatforms) = postSolution
		{A9DA80B9-0A0A-49B9-855F-D95E25D780D6}.Debug|Any CPU.ActiveCfg = Debug|Any CPU
		{A9DA80B9-0A0A-49B9-855F-D95E25D780D6}.Debug|Any CPU.Build.0 = Debug|Any CPU
		{A9DA80B9-0A0A-49B9-855F-D95E25D780D6}.Release|Any CPU.ActiveCfg = Release|Any CPU
		{A9DA80B9-0A0A-49B9-855F-D95E25D780D6}.Release|Any CPU.Build.0 = Release|Any CPU
		{748D3C2B-7988-4B1A-BB4D-1B3B855184AB}.Debug|Any CPU.ActiveCfg = Debug|Any CPU
		{748D3C2B-7988-4B1A-BB4D-1B3B855184AB}.Debug|Any CPU.Build.0 = Debug|Any CPU
		{748D3C2B-7988-4B1A-BB4D-1B3B855184AB}.Release|Any CPU.ActiveCfg = Release|Any CPU
		{748D3C2B-7988-4B1A-BB4D-1B3B855184AB}.Release|Any CPU.Build.0 = Release|Any CPU
		{6F44C9EB-5370-4554-AE73-23982D79A1C9}.Debug|Any CPU.ActiveCfg = Debug|Any CPU
		{6F44C9EB-5370-4554-AE73-23982D79A1C9}.Debug|Any CPU.Build.0 = Debug|Any CPU
		{6F44C9EB-5370-4554-AE73-23982D79A1C9}.Release|Any CPU.ActiveCfg = Release|Any CPU
		{6F44C9EB-5370-4554-AE73-23982D79A1C9}.Release|Any CPU.Build.0 = Release|Any CPU
	EndGlobalSection
	GlobalSection(SolutionProperties) = preSolution
		HideSolutionNode = FALSE
	EndGlobalSection
	GlobalSection(ExtensibilityGlobals) = postSolution
		SolutionGuid = {5DC6C2B9-4E7E-4867-BDB7-05553896D4EE}
	EndGlobalSection
EndGlobal
